
Microsoft Visual Studio Solution File, Format Version 12.00
# Visual Studio 2012
Project("{FAE04EC0-301F-11D3-BF4B-00C04F79EFBC}") = "weka-ikvm-performance-test", "weka-ikvm-performance-test.csproj", "{800B555A-B88A-46C6-8590-54437E8C9D58}"
EndProject
Global
	GlobalSection(SolutionConfigurationPlatforms) = preSolution
		Debug|Any CPU = Debug|Any CPU
		Release|Any CPU = Release|Any CPU
	EndGlobalSection
	GlobalSection(ProjectConfigurationPlatforms) = postSolution
		{800B555A-B88A-46C6-8590-54437E8C9D58}.Debug|Any CPU.ActiveCfg = Debug|Any CPU
		{800B555A-B88A-46C6-8590-54437E8C9D58}.Debug|Any CPU.Build.0 = Debug|Any CPU
		{800B555A-B88A-46C6-8590-54437E8C9D58}.Release|Any CPU.ActiveCfg = Release|Any CPU
		{800B555A-B88A-46C6-8590-54437E8C9D58}.Release|Any CPU.Build.0 = Release|Any CPU
	EndGlobalSection
	GlobalSection(SolutionProperties) = preSolution
		HideSolutionNode = FALSE
	EndGlobalSection
EndGlobal
